
Microsoft Visual Studio Solution File, Format Version 12.00
# Visual Studio Version 17
VisualStudioVersion = 17.14.36623.8
MinimumVisualStudioVersion = 10.0.40219.1
Project("{FAE04EC0-301F-11D3-BF4B-00C04F79EFBC}") = "kutuphaneAPI", "kutuphaneAPI\kutuphaneAPI.csproj", "{ACD78A08-4D99-43E3-B386-93BF426C606B}"
EndProject
Project("{FAE04EC0-301F-11D3-BF4B-00C04F79EFBC}") = "kutuphaneRezervasyon", "kutuphaneRezervasyon\kutuphaneRezervasyon.csproj", "{78FF0A3A-2537-472B-A29E-ECF758A1D2A0}"
EndProject
Global
	GlobalSection(SolutionConfigurationPlatforms) = preSolution
		Debug|Any CPU = Debug|Any CPU
		Release|Any CPU = Release|Any CPU
	EndGlobalSection
	GlobalSection(ProjectConfigurationPlatforms) = postSolution
		{ACD78A08-4D99-43E3-B386-93BF426C606B}.Debug|Any CPU.ActiveCfg = Debug|Any CPU
		{ACD78A08-4D99-43E3-B386-93BF426C606B}.Debug|Any CPU.Build.0 = Debug|Any CPU
		{ACD78A08-4D99-43E3-B386-93BF426C606B}.Release|Any CPU.ActiveCfg = Release|Any CPU
		{ACD78A08-4D99-43E3-B386-93BF426C606B}.Release|Any CPU.Build.0 = Release|Any CPU
		{78FF0A3A-2537-472B-A29E-ECF758A1D2A0}.Debug|Any CPU.ActiveCfg = Debug|Any CPU
		{78FF0A3A-2537-472B-A29E-ECF758A1D2A0}.Debug|Any CPU.Build.0 = Debug|Any CPU
		{78FF0A3A-2537-472B-A29E-ECF758A1D2A0}.Release|Any CPU.ActiveCfg = Release|Any CPU
		{78FF0A3A-2537-472B-A29E-ECF758A1D2A0}.Release|Any CPU.Build.0 = Release|Any CPU
	EndGlobalSection
	GlobalSection(SolutionProperties) = preSolution
		HideSolutionNode = FALSE
	EndGlobalSection
	GlobalSection(ExtensibilityGlobals) = postSolution
		SolutionGuid = {516B2A9C-19EE-41A8-8DE2-634CD8019B22}
	EndGlobalSection
EndGlobal
